
Microsoft Visual Studio Solution File, Format Version 12.00
# Visual Studio Version 16
VisualStudioVersion = 16.0.29613.14
MinimumVisualStudioVersion = 10.0.40219.1
Project("{FAE04EC0-301F-11D3-BF4B-00C04F79EFBC}") = "WindowsFormsApp1", "WindowsFormsApp1\WindowsFormsApp1.csproj", "{D1D242D2-8D3A-468B-8E63-34038B368F42}"
EndProject
Project("{FAE04EC0-301F-11D3-BF4B-00C04F79EFBC}") = "WindowsFormsApp2", "WindowsFormsApp2\WindowsFormsApp2.csproj", "{C2DFB487-FB27-4923-9357-3D455005011D}"
EndProject
Project("{FAE04EC0-301F-11D3-BF4B-00C04F79EFBC}") = "WindowsFormsApp3", "WindowsFormsApp3\WindowsFormsApp3.csproj", "{B834435F-C91E-40C3-9028-4576E251A846}"
EndProject
Global
	GlobalSection(SolutionConfigurationPlatforms) = preSolution
		Debug|Any CPU = Debug|Any CPU
		Release|Any CPU = Release|Any CPU
	EndGlobalSection
	GlobalSection(ProjectConfigurationPlatforms) = postSolution
		{D1D242D2-8D3A-468B-8E63-34038B368F42}.Debug|Any CPU.ActiveCfg = Debug|Any CPU
		{D1D242D2-8D3A-468B-8E63-34038B368F42}.Debug|Any CPU.Build.0 = Debug|Any CPU
		{D1D242D2-8D3A-468B-8E63-34038B368F42}.Release|Any CPU.ActiveCfg = Release|Any CPU
		{D1D242D2-8D3A-468B-8E63-34038B368F42}.Release|Any CPU.Build.0 = Release|Any CPU
		{C2DFB487-FB27-4923-9357-3D455005011D}.Debug|Any CPU.ActiveCfg = Debug|Any CPU
		{C2DFB487-FB27-4923-9357-3D455005011D}.Debug|Any CPU.Build.0 = Debug|Any CPU
		{C2DFB487-FB27-4923-9357-3D455005011D}.Release|Any CPU.ActiveCfg = Release|Any CPU
		{C2DFB487-FB27-4923-9357-3D455005011D}.Release|Any CPU.Build.0 = Release|Any CPU
		{B834435F-C91E-40C3-9028-4576E251A846}.Debug|Any CPU.ActiveCfg = Debug|Any CPU
		{B834435F-C91E-40C3-9028-4576E251A846}.Debug|Any CPU.Build.0 = Debug|Any CPU
		{B834435F-C91E-40C3-9028-4576E251A846}.Release|Any CPU.ActiveCfg = Release|Any CPU
		{B834435F-C91E-40C3-9028-4576E251A846}.Release|Any CPU.Build.0 = Release|Any CPU
	EndGlobalSection
	GlobalSection(SolutionProperties) = preSolution
		HideSolutionNode = FALSE
	EndGlobalSection
	GlobalSection(ExtensibilityGlobals) = postSolution
		SolutionGuid = {FF21927C-B60A-4EAE-A0D8-5F413B59E2A4}
	EndGlobalSection
EndGlobal
